
Microsoft Visual Studio Solution File, Format Version 12.00
# Visual Studio Version 16
VisualStudioVersion = 16.0.30517.126
MinimumVisualStudioVersion = 10.0.40219.1
Project("{FAE04EC0-301F-11D3-BF4B-00C04F79EFBC}") = "GianDetector", "GianDetector\GianDetector.csproj", "{9144DFA6-D8B5-4B10-8775-692A94720591}"
EndProject
Global
	GlobalSection(SolutionConfigurationPlatforms) = preSolution
		Debug|Any CPU = Debug|Any CPU
		Release|Any CPU = Release|Any CPU
	EndGlobalSection
	GlobalSection(ProjectConfigurationPlatforms) = postSolution
		{9144DFA6-D8B5-4B10-8775-692A94720591}.Debug|Any CPU.ActiveCfg = Debug|Any CPU
		{9144DFA6-D8B5-4B10-8775-692A94720591}.Debug|Any CPU.Build.0 = Debug|Any CPU
		{9144DFA6-D8B5-4B10-8775-692A94720591}.Release|Any CPU.ActiveCfg = Release|Any CPU
		{9144DFA6-D8B5-4B10-8775-692A94720591}.Release|Any CPU.Build.0 = Release|Any CPU
	EndGlobalSection
	GlobalSection(SolutionProperties) = preSolution
		HideSolutionNode = FALSE
	EndGlobalSection
	GlobalSection(ExtensibilityGlobals) = postSolution
		SolutionGuid = {C69D015A-9FB4-4DA1-BDB2-B19B09D90E3B}
	EndGlobalSection
EndGlobal
